
Microsoft Visual Studio Solution File, Format Version 12.00
Project("{FAE04EC0-301F-11D3-BF4B-00C04F79EFBC}") = "Algorithms", "Algorithms\Algorithms.csproj", "{5482030F-77C0-431C-A624-F2AA27A9EEA5}"
EndProject
Project("{FAE04EC0-301F-11D3-BF4B-00C04F79EFBC}") = "Algorithms.Test", "Algorithms.Test\Algorithms.Test.csproj", "{06FF6910-D8BA-4940-9A2A-FD4385503AA8}"
EndProject
Project("{FAE04EC0-301F-11D3-BF4B-00C04F79EFBC}") = "DataStructures", "DataStructures\DataStructures.csproj", "{C579619D-C129-4C60-AAF6-B4BFA11CC12B}"
EndProject
Project("{FAE04EC0-301F-11D3-BF4B-00C04F79EFBC}") = "DataStructures.Test", "DataStructures.Test\DataStructures.Test.csproj", "{50CABDCA-3A9B-440F-8F8C-E878F15D5FDA}"
EndProject
Global
	GlobalSection(SolutionConfigurationPlatforms) = preSolution
		Debug|Any CPU = Debug|Any CPU
		Release|Any CPU = Release|Any CPU
	EndGlobalSection
	GlobalSection(ProjectConfigurationPlatforms) = postSolution
		{5482030F-77C0-431C-A624-F2AA27A9EEA5}.Debug|Any CPU.ActiveCfg = Debug|Any CPU
		{5482030F-77C0-431C-A624-F2AA27A9EEA5}.Debug|Any CPU.Build.0 = Debug|Any CPU
		{5482030F-77C0-431C-A624-F2AA27A9EEA5}.Release|Any CPU.ActiveCfg = Release|Any CPU
		{5482030F-77C0-431C-A624-F2AA27A9EEA5}.Release|Any CPU.Build.0 = Release|Any CPU
		{06FF6910-D8BA-4940-9A2A-FD4385503AA8}.Debug|Any CPU.ActiveCfg = Debug|Any CPU
		{06FF6910-D8BA-4940-9A2A-FD4385503AA8}.Debug|Any CPU.Build.0 = Debug|Any CPU
		{06FF6910-D8BA-4940-9A2A-FD4385503AA8}.Release|Any CPU.ActiveCfg = Release|Any CPU
		{06FF6910-D8BA-4940-9A2A-FD4385503AA8}.Release|Any CPU.Build.0 = Release|Any CPU
		{C579619D-C129-4C60-AAF6-B4BFA11CC12B}.Debug|Any CPU.ActiveCfg = Debug|Any CPU
		{C579619D-C129-4C60-AAF6-B4BFA11CC12B}.Debug|Any CPU.Build.0 = Debug|Any CPU
		{C579619D-C129-4C60-AAF6-B4BFA11CC12B}.Release|Any CPU.ActiveCfg = Release|Any CPU
		{C579619D-C129-4C60-AAF6-B4BFA11CC12B}.Release|Any CPU.Build.0 = Release|Any CPU
		{50CABDCA-3A9B-440F-8F8C-E878F15D5FDA}.Debug|Any CPU.ActiveCfg = Debug|Any CPU
		{50CABDCA-3A9B-440F-8F8C-E878F15D5FDA}.Debug|Any CPU.Build.0 = Debug|Any CPU
		{50CABDCA-3A9B-440F-8F8C-E878F15D5FDA}.Release|Any CPU.ActiveCfg = Release|Any CPU
		{50CABDCA-3A9B-440F-8F8C-E878F15D5FDA}.Release|Any CPU.Build.0 = Release|Any CPU
	EndGlobalSection
EndGlobal
